// !$*UTF8*$!
{
	archiveVersion = 1;
	classes = {
	};
	objectVersion = 46;
	objects = {

/* Begin PBXBuildFile section */
		79280E2E1F7CF11100B2761D /* Joystick.cpp in Sources */ = {isa = PBXBuildFile; fileRef = 79280E2C1F7CF11100B2761D /* Joystick.cpp */; };
		79280E351F7D089400B2761D /* CircleCollider.cpp in Sources */ = {isa = PBXBuildFile; fileRef = 79280E331F7D089400B2761D /* CircleCollider.cpp */; };
		79280E381F7D08E400B2761D /* Collider.cpp in Sources */ = {isa = PBXBuildFile; fileRef = 79280E361F7D08E400B2761D /* Collider.cpp */; };
		79280E3B1F7D19D600B2761D /* LevelMapCollider.cpp in Sources */ = {isa = PBXBuildFile; fileRef = 79280E391F7D19D600B2761D /* LevelMapCollider.cpp */; };
		79280E3F1F7D417700B2761D /* BoxCollider.cpp in Sources */ = {isa = PBXBuildFile; fileRef = 79280E3D1F7D417700B2761D /* BoxCollider.cpp */; };
		79280E441F7D5DB500B2761D /* Dispatcher.cpp in Sources */ = {isa = PBXBuildFile; fileRef = 79280E421F7D5DB500B2761D /* Dispatcher.cpp */; };
		79280E471F7D5DF500B2761D /* Bomb.cpp in Sources */ = {isa = PBXBuildFile; fileRef = 79280E451F7D5DF500B2761D /* Bomb.cpp */; };
		79677D341F7BEB7E006F6F19 /* Assets.xcassets in Resources */ = {isa = PBXBuildFile; fileRef = 79677D331F7BEB7E006F6F19 /* Assets.xcassets */; };
		79677D421F7BEB7F006F6F19 /* bombermanTests.m in Sources */ = {isa = PBXBuildFile; fileRef = 79677D411F7BEB7F006F6F19 /* bombermanTests.m */; };
		79677D4D1F7BEB7F006F6F19 /* bombermanUITests.m in Sources */ = {isa = PBXBuildFile; fileRef = 79677D4C1F7BEB7F006F6F19 /* bombermanUITests.m */; };
		79677D641F7BEC4D006F6F19 /* libSDL2.a in Frameworks */ = {isa = PBXBuildFile; fileRef = 79677D611F7BEC05006F6F19 /* libSDL2.a */; };
		79677D6F1F7BEC9D006F6F19 /* AudioToolbox.framework in Frameworks */ = {isa = PBXBuildFile; fileRef = 79677D661F7BEC9D006F6F19 /* AudioToolbox.framework */; };
		79677D701F7BEC9D006F6F19 /* CoreAudio.framework in Frameworks */ = {isa = PBXBuildFile; fileRef = 79677D671F7BEC9D006F6F19 /* CoreAudio.framework */; };
		79677D711F7BEC9D006F6F19 /* CoreGraphics.framework in Frameworks */ = {isa = PBXBuildFile; fileRef = 79677D681F7BEC9D006F6F19 /* CoreGraphics.framework */; };
		79677D721F7BEC9D006F6F19 /* CoreMotion.framework in Frameworks */ = {isa = PBXBuildFile; fileRef = 79677D691F7BEC9D006F6F19 /* CoreMotion.framework */; };
		79677D731F7BEC9D006F6F19 /* Foundation.framework in Frameworks */ = {isa = PBXBuildFile; fileRef = 79677D6A1F7BEC9D006F6F19 /* Foundation.framework */; };
		79677D741F7BEC9D006F6F19 /* GameController.framework in Frameworks */ = {isa = PBXBuildFile; fileRef = 79677D6B1F7BEC9D006F6F19 /* GameController.framework */; };
		79677D751F7BEC9D006F6F19 /* OpenGLES.framework in Frameworks */ = {isa = PBXBuildFile; fileRef = 79677D6C1F7BEC9D006F6F19 /* OpenGLES.framework */; };
		79677D761F7BEC9D006F6F19 /* QuartzCore.framework in Frameworks */ = {isa = PBXBuildFile; fileRef = 79677D6D1F7BEC9D006F6F19 /* QuartzCore.framework */; };
		79677D771F7BEC9D006F6F19 /* UIKit.framework in Frameworks */ = {isa = PBXBuildFile; fileRef = 79677D6E1F7BEC9D006F6F19 /* UIKit.framework */; };
		79677D821F7BEF09006F6F19 /* AVFoundation.framework in Frameworks */ = {isa = PBXBuildFile; fileRef = 79677D7A1F7BEDFF006F6F19 /* AVFoundation.framework */; };
		79677D841F7BEFE6006F6F19 /* Main.storyboard in Resources */ = {isa = PBXBuildFile; fileRef = 79677D831F7BEFE6006F6F19 /* Main.storyboard */; };
		79677D881F7BF550006F6F19 /* Game.cpp in Sources */ = {isa = PBXBuildFile; fileRef = 79677D861F7BF550006F6F19 /* Game.cpp */; };
		79677D8A1F7BF68F006F6F19 /* main.cpp in Sources */ = {isa = PBXBuildFile; fileRef = 79677D891F7BF68F006F6F19 /* main.cpp */; };
		79677D8E1F7BF969006F6F19 /* LevelMap.cpp in Sources */ = {isa = PBXBuildFile; fileRef = 79677D8C1F7BF969006F6F19 /* LevelMap.cpp */; };
		79677D951F7BFF15006F6F19 /* Utils.cpp in Sources */ = {isa = PBXBuildFile; fileRef = 79677D931F7BFF15006F6F19 /* Utils.cpp */; };
		79677D991F7C0D7D006F6F19 /* Player.cpp in Sources */ = {isa = PBXBuildFile; fileRef = 79677D971F7C0D7D006F6F19 /* Player.cpp */; };
		79677D9C1F7C1D53006F6F19 /* Vector2.cpp in Sources */ = {isa = PBXBuildFile; fileRef = 79677D9A1F7C1D53006F6F19 /* Vector2.cpp */; };
		79677D9F1F7C1EC0006F6F19 /* ScalarMath.cpp in Sources */ = {isa = PBXBuildFile; fileRef = 79677D9D1F7C1EC0006F6F19 /* ScalarMath.cpp */; };
		79B7D3651F7E3B9C00B0AAE6 /* BombFragment.cpp in Sources */ = {isa = PBXBuildFile; fileRef = 79B7D3631F7E3B9C00B0AAE6 /* BombFragment.cpp */; };
/* End PBXBuildFile section */

/* Begin PBXContainerItemProxy section */
		79677D3E1F7BEB7F006F6F19 /* PBXContainerItemProxy */ = {
			isa = PBXContainerItemProxy;
			containerPortal = 79677D1C1F7BEB7E006F6F19 /* Project object */;
			proxyType = 1;
			remoteGlobalIDString = 79677D231F7BEB7E006F6F19;
			remoteInfo = bomberman;
		};
		79677D491F7BEB7F006F6F19 /* PBXContainerItemProxy */ = {
			isa = PBXContainerItemProxy;
			containerPortal = 79677D1C1F7BEB7E006F6F19 /* Project object */;
			proxyType = 1;
			remoteGlobalIDString = 79677D231F7BEB7E006F6F19;
			remoteInfo = bomberman;
		};
		79677D601F7BEC05006F6F19 /* PBXContainerItemProxy */ = {
			isa = PBXContainerItemProxy;
			containerPortal = 79677D5A1F7BEC05006F6F19 /* SDL.xcodeproj */;
			proxyType = 2;
			remoteGlobalIDString = FD6526630DE8FCCB002AD96B;
			remoteInfo = libSDL;
		};
		79677D621F7BEC05006F6F19 /* PBXContainerItemProxy */ = {
			isa = PBXContainerItemProxy;
			containerPortal = 79677D5A1F7BEC05006F6F19 /* SDL.xcodeproj */;
			proxyType = 2;
			remoteGlobalIDString = FAB598141BB5C1B100BE72C5;
			remoteInfo = "libSDL-tv";
		};
		79677D801F7BEE3E006F6F19 /* PBXContainerItemProxy */ = {
			isa = PBXContainerItemProxy;
			containerPortal = 79677D5A1F7BEC05006F6F19 /* SDL.xcodeproj */;
			proxyType = 1;
			remoteGlobalIDString = FD6526620DE8FCCB002AD96B;
			remoteInfo = libSDL;
		};
/* End PBXContainerItemProxy section */

/* Begin PBXFileReference section */
		79280E2C1F7CF11100B2761D /* Joystick.cpp */ = {isa = PBXFileReference; fileEncoding = 4; lastKnownFileType = sourcecode.cpp.cpp; path = Joystick.cpp; sourceTree = "<group>"; };
		79280E2D1F7CF11100B2761D /* Joystick.h */ = {isa = PBXFileReference; fileEncoding = 4; lastKnownFileType = sourcecode.c.h; path = Joystick.h; sourceTree = "<group>"; };
		79280E331F7D089400B2761D /* CircleCollider.cpp */ = {isa = PBXFileReference; fileEncoding = 4; lastKnownFileType = sourcecode.cpp.cpp; path = CircleCollider.cpp; sourceTree = "<group>"; };
		79280E341F7D089400B2761D /* CircleCollider.h */ = {isa = PBXFileReference; fileEncoding = 4; lastKnownFileType = sourcecode.c.h; path = CircleCollider.h; sourceTree = "<group>"; };
		79280E361F7D08E400B2761D /* Collider.cpp */ = {isa = PBXFileReference; fileEncoding = 4; lastKnownFileType = sourcecode.cpp.cpp; path = Collider.cpp; sourceTree = "<group>"; };
		79280E371F7D08E400B2761D /* Collider.h */ = {isa = PBXFileReference; fileEncoding = 4; lastKnownFileType = sourcecode.c.h; path = Collider.h; sourceTree = "<group>"; };
		79280E391F7D19D600B2761D /* LevelMapCollider.cpp */ = {isa = PBXFileReference; fileEncoding = 4; lastKnownFileType = sourcecode.cpp.cpp; path = LevelMapCollider.cpp; sourceTree = "<group>"; };
		79280E3A1F7D19D600B2761D /* LevelMapCollider.h */ = {isa = PBXFileReference; fileEncoding = 4; lastKnownFileType = sourcecode.c.h; path = LevelMapCollider.h; sourceTree = "<group>"; };
		79280E3D1F7D417700B2761D /* BoxCollider.cpp */ = {isa = PBXFileReference; fileEncoding = 4; lastKnownFileType = sourcecode.cpp.cpp; path = BoxCollider.cpp; sourceTree = "<group>"; };
		79280E3E1F7D417700B2761D /* BoxCollider.h */ = {isa = PBXFileReference; fileEncoding = 4; lastKnownFileType = sourcecode.c.h; path = BoxCollider.h; sourceTree = "<group>"; };
		79280E421F7D5DB500B2761D /* Dispatcher.cpp */ = {isa = PBXFileReference; fileEncoding = 4; lastKnownFileType = sourcecode.cpp.cpp; path = Dispatcher.cpp; sourceTree = "<group>"; };
		79280E431F7D5DB500B2761D /* Dispatcher.h */ = {isa = PBXFileReference; fileEncoding = 4; lastKnownFileType = sourcecode.c.h; path = Dispatcher.h; sourceTree = "<group>"; };
		79280E451F7D5DF500B2761D /* Bomb.cpp */ = {isa = PBXFileReference; fileEncoding = 4; lastKnownFileType = sourcecode.cpp.cpp; path = Bomb.cpp; sourceTree = "<group>"; };
		79280E461F7D5DF500B2761D /* Bomb.h */ = {isa = PBXFileReference; fileEncoding = 4; lastKnownFileType = sourcecode.c.h; path = Bomb.h; sourceTree = "<group>"; };
		79677D241F7BEB7E006F6F19 /* bomberman.app */ = {isa = PBXFileReference; explicitFileType = wrapper.application; includeInIndex = 0; path = bomberman.app; sourceTree = BUILT_PRODUCTS_DIR; };
		79677D331F7BEB7E006F6F19 /* Assets.xcassets */ = {isa = PBXFileReference; lastKnownFileType = folder.assetcatalog; path = Assets.xcassets; sourceTree = "<group>"; };
		79677D381F7BEB7E006F6F19 /* Info.plist */ = {isa = PBXFileReference; lastKnownFileType = text.plist.xml; path = Info.plist; sourceTree = "<group>"; };
		79677D3D1F7BEB7F006F6F19 /* bombermanTests.xctest */ = {isa = PBXFileReference; explicitFileType = wrapper.cfbundle; includeInIndex = 0; path = bombermanTests.xctest; sourceTree = BUILT_PRODUCTS_DIR; };
		79677D411F7BEB7F006F6F19 /* bombermanTests.m */ = {isa = PBXFileReference; lastKnownFileType = sourcecode.c.objc; path = bombermanTests.m; sourceTree = "<group>"; };
		79677D431F7BEB7F006F6F19 /* Info.plist */ = {isa = PBXFileReference; lastKnownFileType = text.plist.xml; path = Info.plist; sourceTree = "<group>"; };
		79677D481F7BEB7F006F6F19 /* bombermanUITests.xctest */ = {isa = PBXFileReference; explicitFileType = wrapper.cfbundle; includeInIndex = 0; path = bombermanUITests.xctest; sourceTree = BUILT_PRODUCTS_DIR; };
		79677D4C1F7BEB7F006F6F19 /* bombermanUITests.m */ = {isa = PBXFileReference; lastKnownFileType = sourcecode.c.objc; path = bombermanUITests.m; sourceTree = "<group>"; };
		79677D4E1F7BEB7F006F6F19 /* Info.plist */ = {isa = PBXFileReference; lastKnownFileType = text.plist.xml; path = Info.plist; sourceTree = "<group>"; };
		79677D5A1F7BEC05006F6F19 /* SDL.xcodeproj */ = {isa = PBXFileReference; lastKnownFileType = "wrapper.pb-project"; name = SDL.xcodeproj; path = "../../../SDL/Xcode-iOS/SDL/SDL.xcodeproj"; sourceTree = "<group>"; };
		79677D661F7BEC9D006F6F19 /* AudioToolbox.framework */ = {isa = PBXFileReference; lastKnownFileType = wrapper.framework; name = AudioToolbox.framework; path = System/Library/Frameworks/AudioToolbox.framework; sourceTree = SDKROOT; };
		79677D671F7BEC9D006F6F19 /* CoreAudio.framework */ = {isa = PBXFileReference; lastKnownFileType = wrapper.framework; name = CoreAudio.framework; path = System/Library/Frameworks/CoreAudio.framework; sourceTree = SDKROOT; };
		79677D681F7BEC9D006F6F19 /* CoreGraphics.framework */ = {isa = PBXFileReference; lastKnownFileType = wrapper.framework; name = CoreGraphics.framework; path = System/Library/Frameworks/CoreGraphics.framework; sourceTree = SDKROOT; };
		79677D691F7BEC9D006F6F19 /* CoreMotion.framework */ = {isa = PBXFileReference; lastKnownFileType = wrapper.framework; name = CoreMotion.framework; path = System/Library/Frameworks/CoreMotion.framework; sourceTree = SDKROOT; };
		79677D6A1F7BEC9D006F6F19 /* Foundation.framework */ = {isa = PBXFileReference; lastKnownFileType = wrapper.framework; name = Foundation.framework; path = System/Library/Frameworks/Foundation.framework; sourceTree = SDKROOT; };
		79677D6B1F7BEC9D006F6F19 /* GameController.framework */ = {isa = PBXFileReference; lastKnownFileType = wrapper.framework; name = GameController.framework; path = System/Library/Frameworks/GameController.framework; sourceTree = SDKROOT; };
		79677D6C1F7BEC9D006F6F19 /* OpenGLES.framework */ = {isa = PBXFileReference; lastKnownFileType = wrapper.framework; name = OpenGLES.framework; path = System/Library/Frameworks/OpenGLES.framework; sourceTree = SDKROOT; };
		79677D6D1F7BEC9D006F6F19 /* QuartzCore.framework */ = {isa = PBXFileReference; lastKnownFileType = wrapper.framework; name = QuartzCore.framework; path = System/Library/Frameworks/QuartzCore.framework; sourceTree = SDKROOT; };
		79677D6E1F7BEC9D006F6F19 /* UIKit.framework */ = {isa = PBXFileReference; lastKnownFileType = wrapper.framework; name = UIKit.framework; path = System/Library/Frameworks/UIKit.framework; sourceTree = SDKROOT; };
		79677D7A1F7BEDFF006F6F19 /* AVFoundation.framework */ = {isa = PBXFileReference; lastKnownFileType = wrapper.framework; name = AVFoundation.framework; path = System/Library/Frameworks/AVFoundation.framework; sourceTree = SDKROOT; };
		79677D7C1F7BEE12006F6F19 /* AVKit.framework */ = {isa = PBXFileReference; lastKnownFileType = wrapper.framework; name = AVKit.framework; path = System/Library/Frameworks/AVKit.framework; sourceTree = SDKROOT; };
		79677D7E1F7BEE24006F6F19 /* CoreAudioKit.framework */ = {isa = PBXFileReference; lastKnownFileType = wrapper.framework; name = CoreAudioKit.framework; path = System/Library/Frameworks/CoreAudioKit.framework; sourceTree = SDKROOT; };
		79677D831F7BEFE6006F6F19 /* Main.storyboard */ = {isa = PBXFileReference; fileEncoding = 4; lastKnownFileType = file.storyboard; path = Main.storyboard; sourceTree = "<group>"; };
		79677D861F7BF550006F6F19 /* Game.cpp */ = {isa = PBXFileReference; fileEncoding = 4; lastKnownFileType = sourcecode.cpp.cpp; path = Game.cpp; sourceTree = "<group>"; };
		79677D871F7BF550006F6F19 /* Game.h */ = {isa = PBXFileReference; fileEncoding = 4; lastKnownFileType = sourcecode.c.h; path = Game.h; sourceTree = "<group>"; };
		79677D891F7BF68F006F6F19 /* main.cpp */ = {isa = PBXFileReference; fileEncoding = 4; lastKnownFileType = sourcecode.cpp.cpp; path = main.cpp; sourceTree = "<group>"; };
		79677D8C1F7BF969006F6F19 /* LevelMap.cpp */ = {isa = PBXFileReference; fileEncoding = 4; lastKnownFileType = sourcecode.cpp.cpp; path = LevelMap.cpp; sourceTree = "<group>"; };
		79677D8D1F7BF969006F6F19 /* LevelMap.h */ = {isa = PBXFileReference; fileEncoding = 4; lastKnownFileType = sourcecode.c.h; path = LevelMap.h; sourceTree = "<group>"; };
		79677D931F7BFF15006F6F19 /* Utils.cpp */ = {isa = PBXFileReference; fileEncoding = 4; lastKnownFileType = sourcecode.cpp.cpp; path = Utils.cpp; sourceTree = "<group>"; };
		79677D941F7BFF15006F6F19 /* Utils.h */ = {isa = PBXFileReference; fileEncoding = 4; lastKnownFileType = sourcecode.c.h; path = Utils.h; sourceTree = "<group>"; };
		79677D971F7C0D7D006F6F19 /* Player.cpp */ = {isa = PBXFileReference; fileEncoding = 4; lastKnownFileType = sourcecode.cpp.cpp; path = Player.cpp; sourceTree = "<group>"; };
		79677D981F7C0D7D006F6F19 /* Player.h */ = {isa = PBXFileReference; fileEncoding = 4; lastKnownFileType = sourcecode.c.h; path = Player.h; sourceTree = "<group>"; };
		79677D9A1F7C1D53006F6F19 /* Vector2.cpp */ = {isa = PBXFileReference; fileEncoding = 4; lastKnownFileType = sourcecode.cpp.cpp; path = Vector2.cpp; sourceTree = "<group>"; };
		79677D9B1F7C1D53006F6F19 /* Vector2.h */ = {isa = PBXFileReference; fileEncoding = 4; lastKnownFileType = sourcecode.c.h; path = Vector2.h; sourceTree = "<group>"; };
		79677D9D1F7C1EC0006F6F19 /* ScalarMath.cpp */ = {isa = PBXFileReference; fileEncoding = 4; lastKnownFileType = sourcecode.cpp.cpp; path = ScalarMath.cpp; sourceTree = "<group>"; };
		79677D9E1F7C1EC0006F6F19 /* ScalarMath.h */ = {isa = PBXFileReference; fileEncoding = 4; lastKnownFileType = sourcecode.c.h; path = ScalarMath.h; sourceTree = "<group>"; };
		79B7D3631F7E3B9C00B0AAE6 /* BombFragment.cpp */ = {isa = PBXFileReference; fileEncoding = 4; lastKnownFileType = sourcecode.cpp.cpp; path = BombFragment.cpp; sourceTree = "<group>"; };
		79B7D3641F7E3B9C00B0AAE6 /* BombFragment.h */ = {isa = PBXFileReference; fileEncoding = 4; lastKnownFileType = sourcecode.c.h; path = BombFragment.h; sourceTree = "<group>"; };
/* End PBXFileReference section */

/* Begin PBXFrameworksBuildPhase section */
		79677D211F7BEB7E006F6F19 /* Frameworks */ = {
			isa = PBXFrameworksBuildPhase;
			buildActionMask = 2147483647;
			files = (
				79677D821F7BEF09006F6F19 /* AVFoundation.framework in Frameworks */,
				79677D6F1F7BEC9D006F6F19 /* AudioToolbox.framework in Frameworks */,
				79677D701F7BEC9D006F6F19 /* CoreAudio.framework in Frameworks */,
				79677D711F7BEC9D006F6F19 /* CoreGraphics.framework in Frameworks */,
				79677D721F7BEC9D006F6F19 /* CoreMotion.framework in Frameworks */,
				79677D731F7BEC9D006F6F19 /* Foundation.framework in Frameworks */,
				79677D741F7BEC9D006F6F19 /* GameController.framework in Frameworks */,
				79677D751F7BEC9D006F6F19 /* OpenGLES.framework in Frameworks */,
				79677D761F7BEC9D006F6F19 /* QuartzCore.framework in Frameworks */,
				79677D771F7BEC9D006F6F19 /* UIKit.framework in Frameworks */,
				79677D641F7BEC4D006F6F19 /* libSDL2.a in Frameworks */,
			);
			runOnlyForDeploymentPostprocessing = 0;
		};
		79677D3A1F7BEB7F006F6F19 /* Frameworks */ = {
			isa = PBXFrameworksBuildPhase;
			buildActionMask = 2147483647;
			files = (
			);
			runOnlyForDeploymentPostprocessing = 0;
		};
		79677D451F7BEB7F006F6F19 /* Frameworks */ = {
			isa = PBXFrameworksBuildPhase;
			buildActionMask = 2147483647;
			files = (
			);
			runOnlyForDeploymentPostprocessing = 0;
		};
/* End PBXFrameworksBuildPhase section */

/* Begin PBXGroup section */
		79677D1B1F7BEB7E006F6F19 = {
			isa = PBXGroup;
			children = (
				79677D891F7BF68F006F6F19 /* main.cpp */,
				79677D831F7BEFE6006F6F19 /* Main.storyboard */,
				79677D5A1F7BEC05006F6F19 /* SDL.xcodeproj */,
				79677D261F7BEB7E006F6F19 /* bomberman */,
				79677D8B1F7BF7DC006F6F19 /* data */,
				79677D851F7BF540006F6F19 /* src */,
				79677D401F7BEB7F006F6F19 /* bombermanTests */,
				79677D4B1F7BEB7F006F6F19 /* bombermanUITests */,
				79677D251F7BEB7E006F6F19 /* Products */,
				79677D651F7BEC9D006F6F19 /* Frameworks */,
			);
			sourceTree = "<group>";
		};
		79677D251F7BEB7E006F6F19 /* Products */ = {
			isa = PBXGroup;
			children = (
				79677D241F7BEB7E006F6F19 /* bomberman.app */,
				79677D3D1F7BEB7F006F6F19 /* bombermanTests.xctest */,
				79677D481F7BEB7F006F6F19 /* bombermanUITests.xctest */,
			);
			name = Products;
			sourceTree = "<group>";
		};
		79677D261F7BEB7E006F6F19 /* bomberman */ = {
			isa = PBXGroup;
			children = (
				79677D331F7BEB7E006F6F19 /* Assets.xcassets */,
				79677D381F7BEB7E006F6F19 /* Info.plist */,
			);
			path = bomberman;
			sourceTree = "<group>";
		};
		79677D401F7BEB7F006F6F19 /* bombermanTests */ = {
			isa = PBXGroup;
			children = (
				79677D411F7BEB7F006F6F19 /* bombermanTests.m */,
				79677D431F7BEB7F006F6F19 /* Info.plist */,
			);
			path = bombermanTests;
			sourceTree = "<group>";
		};
		79677D4B1F7BEB7F006F6F19 /* bombermanUITests */ = {
			isa = PBXGroup;
			children = (
				79677D4C1F7BEB7F006F6F19 /* bombermanUITests.m */,
				79677D4E1F7BEB7F006F6F19 /* Info.plist */,
			);
			path = bombermanUITests;
			sourceTree = "<group>";
		};
		79677D5B1F7BEC05006F6F19 /* Products */ = {
			isa = PBXGroup;
			children = (
				79677D611F7BEC05006F6F19 /* libSDL2.a */,
				79677D631F7BEC05006F6F19 /* libSDL2.a */,
			);
			name = Products;
			sourceTree = "<group>";
		};
		79677D651F7BEC9D006F6F19 /* Frameworks */ = {
			isa = PBXGroup;
			children = (
				79677D7E1F7BEE24006F6F19 /* CoreAudioKit.framework */,
				79677D7C1F7BEE12006F6F19 /* AVKit.framework */,
				79677D7A1F7BEDFF006F6F19 /* AVFoundation.framework */,
				79677D661F7BEC9D006F6F19 /* AudioToolbox.framework */,
				79677D671F7BEC9D006F6F19 /* CoreAudio.framework */,
				79677D681F7BEC9D006F6F19 /* CoreGraphics.framework */,
				79677D691F7BEC9D006F6F19 /* CoreMotion.framework */,
				79677D6A1F7BEC9D006F6F19 /* Foundation.framework */,
				79677D6B1F7BEC9D006F6F19 /* GameController.framework */,
				79677D6C1F7BEC9D006F6F19 /* OpenGLES.framework */,
				79677D6D1F7BEC9D006F6F19 /* QuartzCore.framework */,
				79677D6E1F7BEC9D006F6F19 /* UIKit.framework */,
			);
			name = Frameworks;
			sourceTree = "<group>";
		};
		79677D851F7BF540006F6F19 /* src */ = {
			isa = PBXGroup;
			children = (
				79280E421F7D5DB500B2761D /* Dispatcher.cpp */,
				79280E431F7D5DB500B2761D /* Dispatcher.h */,
				79677D861F7BF550006F6F19 /* Game.cpp */,
				79677D871F7BF550006F6F19 /* Game.h */,
				79677D8C1F7BF969006F6F19 /* LevelMap.cpp */,
				79677D8D1F7BF969006F6F19 /* LevelMap.h */,
				79677D931F7BFF15006F6F19 /* Utils.cpp */,
				79677D941F7BFF15006F6F19 /* Utils.h */,
				79677D971F7C0D7D006F6F19 /* Player.cpp */,
				79677D981F7C0D7D006F6F19 /* Player.h */,
				79677D9A1F7C1D53006F6F19 /* Vector2.cpp */,
				79677D9B1F7C1D53006F6F19 /* Vector2.h */,
				79677D9D1F7C1EC0006F6F19 /* ScalarMath.cpp */,
				79677D9E1F7C1EC0006F6F19 /* ScalarMath.h */,
				79280E2C1F7CF11100B2761D /* Joystick.cpp */,
				79280E2D1F7CF11100B2761D /* Joystick.h */,
				79280E331F7D089400B2761D /* CircleCollider.cpp */,
				79280E341F7D089400B2761D /* CircleCollider.h */,
				79280E361F7D08E400B2761D /* Collider.cpp */,
				79280E371F7D08E400B2761D /* Collider.h */,
				79280E391F7D19D600B2761D /* LevelMapCollider.cpp */,
				79280E3D1F7D417700B2761D /* BoxCollider.cpp */,
				79280E3E1F7D417700B2761D /* BoxCollider.h */,
				79280E3A1F7D19D600B2761D /* LevelMapCollider.h */,
				79280E451F7D5DF500B2761D /* Bomb.cpp */,
				79280E461F7D5DF500B2761D /* Bomb.h */,
				79B7D3631F7E3B9C00B0AAE6 /* BombFragment.cpp */,
				79B7D3641F7E3B9C00B0AAE6 /* BombFragment.h */,
			);
			name = src;
			path = ../../src;
			sourceTree = "<group>";
		};
		79677D8B1F7BF7DC006F6F19 /* data */ = {
			isa = PBXGroup;
			children = (
			);
			name = data;
			path = ../../data;
			sourceTree = "<group>";
		};
/* End PBXGroup section */

/* Begin PBXNativeTarget section */
		79677D231F7BEB7E006F6F19 /* bomberman */ = {
			isa = PBXNativeTarget;
			buildConfigurationList = 79677D511F7BEB7F006F6F19 /* Build configuration list for PBXNativeTarget "bomberman" */;
			buildPhases = (
				79677D201F7BEB7E006F6F19 /* Sources */,
				79677D211F7BEB7E006F6F19 /* Frameworks */,
				79677D221F7BEB7E006F6F19 /* Resources */,
			);
			buildRules = (
			);
			dependencies = (
				79677D811F7BEE3E006F6F19 /* PBXTargetDependency */,
			);
			name = bomberman;
			productName = bomberman;
			productReference = 79677D241F7BEB7E006F6F19 /* bomberman.app */;
			productType = "com.apple.product-type.application";
		};
		79677D3C1F7BEB7F006F6F19 /* bombermanTests */ = {
			isa = PBXNativeTarget;
			buildConfigurationList = 79677D541F7BEB7F006F6F19 /* Build configuration list for PBXNativeTarget "bombermanTests" */;
			buildPhases = (
				79677D391F7BEB7F006F6F19 /* Sources */,
				79677D3A1F7BEB7F006F6F19 /* Frameworks */,
				79677D3B1F7BEB7F006F6F19 /* Resources */,
			);
			buildRules = (
			);
			dependencies = (
				79677D3F1F7BEB7F006F6F19 /* PBXTargetDependency */,
			);
			name = bombermanTests;
			productName = bombermanTests;
			productReference = 79677D3D1F7BEB7F006F6F19 /* bombermanTests.xctest */;
			productType = "com.apple.product-type.bundle.unit-test";
		};
		79677D471F7BEB7F006F6F19 /* bombermanUITests */ = {
			isa = PBXNativeTarget;
			buildConfigurationList = 79677D571F7BEB7F006F6F19 /* Build configuration list for PBXNativeTarget "bombermanUITests" */;
			buildPhases = (
				79677D441F7BEB7F006F6F19 /* Sources */,
				79677D451F7BEB7F006F6F19 /* Frameworks */,
				79677D461F7BEB7F006F6F19 /* Resources */,
			);
			buildRules = (
			);
			dependencies = (
				79677D4A1F7BEB7F006F6F19 /* PBXTargetDependency */,
			);
			name = bombermanUITests;
			productName = bombermanUITests;
			productReference = 79677D481F7BEB7F006F6F19 /* bombermanUITests.xctest */;
			productType = "com.apple.product-type.bundle.ui-testing";
		};
/* End PBXNativeTarget section */

/* Begin PBXProject section */
		79677D1C1F7BEB7E006F6F19 /* Project object */ = {
			isa = PBXProject;
			attributes = {
				LastUpgradeCheck = 0820;
				ORGANIZATIONNAME = "Alexey Skorokhodov";
				TargetAttributes = {
					79677D231F7BEB7E006F6F19 = {
						CreatedOnToolsVersion = 8.2.1;
						ProvisioningStyle = Automatic;
					};
					79677D3C1F7BEB7F006F6F19 = {
						CreatedOnToolsVersion = 8.2.1;
						ProvisioningStyle = Automatic;
						TestTargetID = 79677D231F7BEB7E006F6F19;
					};
					79677D471F7BEB7F006F6F19 = {
						CreatedOnToolsVersion = 8.2.1;
						ProvisioningStyle = Automatic;
						TestTargetID = 79677D231F7BEB7E006F6F19;
					};
				};
			};
			buildConfigurationList = 79677D1F1F7BEB7E006F6F19 /* Build configuration list for PBXProject "bomberman" */;
			compatibilityVersion = "Xcode 3.2";
			developmentRegion = English;
			hasScannedForEncodings = 0;
			knownRegions = (
				en,
				Base,
			);
			mainGroup = 79677D1B1F7BEB7E006F6F19;
			productRefGroup = 79677D251F7BEB7E006F6F19 /* Products */;
			projectDirPath = "";
			projectReferences = (
				{
					ProductGroup = 79677D5B1F7BEC05006F6F19 /* Products */;
					ProjectRef = 79677D5A1F7BEC05006F6F19 /* SDL.xcodeproj */;
				},
			);
			projectRoot = "";
			targets = (
				79677D231F7BEB7E006F6F19 /* bomberman */,
				79677D3C1F7BEB7F006F6F19 /* bombermanTests */,
				79677D471F7BEB7F006F6F19 /* bombermanUITests */,
			);
		};
/* End PBXProject section */

/* Begin PBXReferenceProxy section */
		79677D611F7BEC05006F6F19 /* libSDL2.a */ = {
			isa = PBXReferenceProxy;
			fileType = archive.ar;
			path = libSDL2.a;
			remoteRef = 79677D601F7BEC05006F6F19 /* PBXContainerItemProxy */;
			sourceTree = BUILT_PRODUCTS_DIR;
		};
		79677D631F7BEC05006F6F19 /* libSDL2.a */ = {
			isa = PBXReferenceProxy;
			fileType = archive.ar;
			path = libSDL2.a;
			remoteRef = 79677D621F7BEC05006F6F19 /* PBXContainerItemProxy */;
			sourceTree = BUILT_PRODUCTS_DIR;
		};
/* End PBXReferenceProxy section */

/* Begin PBXResourcesBuildPhase section */
		79677D221F7BEB7E006F6F19 /* Resources */ = {
			isa = PBXResourcesBuildPhase;
			buildActionMask = 2147483647;
			files = (
				79677D341F7BEB7E006F6F19 /* Assets.xcassets in Resources */,
				79677D841F7BEFE6006F6F19 /* Main.storyboard in Resources */,
			);
			runOnlyForDeploymentPostprocessing = 0;
		};
		79677D3B1F7BEB7F006F6F19 /* Resources */ = {
			isa = PBXResourcesBuildPhase;
			buildActionMask = 2147483647;
			files = (
			);
			runOnlyForDeploymentPostprocessing = 0;
		};
		79677D461F7BEB7F006F6F19 /* Resources */ = {
			isa = PBXResourcesBuildPhase;
			buildActionMask = 2147483647;
			files = (
			);
			runOnlyForDeploymentPostprocessing = 0;
		};
/* End PBXResourcesBuildPhase section */

/* Begin PBXSourcesBuildPhase section */
		79677D201F7BEB7E006F6F19 /* Sources */ = {
			isa = PBXSourcesBuildPhase;
			buildActionMask = 2147483647;
			files = (
				79677D8A1F7BF68F006F6F19 /* main.cpp in Sources */,
				79677D9C1F7C1D53006F6F19 /* Vector2.cpp in Sources */,
				79677D8E1F7BF969006F6F19 /* LevelMap.cpp in Sources */,
				79677D9F1F7C1EC0006F6F19 /* ScalarMath.cpp in Sources */,
				79677D881F7BF550006F6F19 /* Game.cpp in Sources */,
				79280E2E1F7CF11100B2761D /* Joystick.cpp in Sources */,
				79280E3B1F7D19D600B2761D /* LevelMapCollider.cpp in Sources */,
				79280E471F7D5DF500B2761D /* Bomb.cpp in Sources */,
				79280E3F1F7D417700B2761D /* BoxCollider.cpp in Sources */,
				79B7D3651F7E3B9C00B0AAE6 /* BombFragment.cpp in Sources */,
				79280E441F7D5DB500B2761D /* Dispatcher.cpp in Sources */,
				79677D951F7BFF15006F6F19 /* Utils.cpp in Sources */,
				79280E381F7D08E400B2761D /* Collider.cpp in Sources */,
				79677D991F7C0D7D006F6F19 /* Player.cpp in Sources */,
				79280E351F7D089400B2761D /* CircleCollider.cpp in Sources */,
			);
			runOnlyForDeploymentPostprocessing = 0;
		};
		79677D391F7BEB7F006F6F19 /* Sources */ = {
			isa = PBXSourcesBuildPhase;
			buildActionMask = 2147483647;
			files = (
				79677D421F7BEB7F006F6F19 /* bombermanTests.m in Sources */,
			);
			runOnlyForDeploymentPostprocessing = 0;
		};
		79677D441F7BEB7F006F6F19 /* Sources */ = {
			isa = PBXSourcesBuildPhase;
			buildActionMask = 2147483647;
			files = (
				79677D4D1F7BEB7F006F6F19 /* bombermanUITests.m in Sources */,
			);
			runOnlyForDeploymentPostprocessing = 0;
		};
/* End PBXSourcesBuildPhase section */

/* Begin PBXTargetDependency section */
		79677D3F1F7BEB7F006F6F19 /* PBXTargetDependency */ = {
			isa = PBXTargetDependency;
			target = 79677D231F7BEB7E006F6F19 /* bomberman */;
			targetProxy = 79677D3E1F7BEB7F006F6F19 /* PBXContainerItemProxy */;
		};
		79677D4A1F7BEB7F006F6F19 /* PBXTargetDependency */ = {
			isa = PBXTargetDependency;
			target = 79677D231F7BEB7E006F6F19 /* bomberman */;
			targetProxy = 79677D491F7BEB7F006F6F19 /* PBXContainerItemProxy */;
		};
		79677D811F7BEE3E006F6F19 /* PBXTargetDependency */ = {
			isa = PBXTargetDependency;
			name = libSDL;
			targetProxy = 79677D801F7BEE3E006F6F19 /* PBXContainerItemProxy */;
		};
/* End PBXTargetDependency section */

/* Begin XCBuildConfiguration section */
		79677D4F1F7BEB7F006F6F19 /* Debug */ = {
			isa = XCBuildConfiguration;
			buildSettings = {
				ALWAYS_SEARCH_USER_PATHS = NO;
				CLANG_ANALYZER_NONNULL = YES;
				CLANG_CXX_LANGUAGE_STANDARD = "gnu++0x";
				CLANG_CXX_LIBRARY = "libc++";
				CLANG_ENABLE_MODULES = YES;
				CLANG_ENABLE_OBJC_ARC = YES;
				CLANG_WARN_BOOL_CONVERSION = YES;
				CLANG_WARN_CONSTANT_CONVERSION = YES;
				CLANG_WARN_DIRECT_OBJC_ISA_USAGE = YES_ERROR;
				CLANG_WARN_DOCUMENTATION_COMMENTS = YES;
				CLANG_WARN_EMPTY_BODY = YES;
				CLANG_WARN_ENUM_CONVERSION = YES;
				CLANG_WARN_INFINITE_RECURSION = YES;
				CLANG_WARN_INT_CONVERSION = YES;
				CLANG_WARN_OBJC_ROOT_CLASS = YES_ERROR;
				CLANG_WARN_SUSPICIOUS_MOVE = YES;
				CLANG_WARN_UNREACHABLE_CODE = YES;
				CLANG_WARN__DUPLICATE_METHOD_MATCH = YES;
				"CODE_SIGN_IDENTITY[sdk=iphoneos*]" = "iPhone Developer";
				COPY_PHASE_STRIP = NO;
				DEBUG_INFORMATION_FORMAT = dwarf;
				ENABLE_STRICT_OBJC_MSGSEND = YES;
				ENABLE_TESTABILITY = YES;
				GCC_C_LANGUAGE_STANDARD = gnu99;
				GCC_DYNAMIC_NO_PIC = NO;
				GCC_NO_COMMON_BLOCKS = YES;
				GCC_OPTIMIZATION_LEVEL = 0;
				GCC_PREPROCESSOR_DEFINITIONS = (
					"DEBUG=1",
					"$(inherited)",
				);
				GCC_WARN_64_TO_32_BIT_CONVERSION = YES;
				GCC_WARN_ABOUT_RETURN_TYPE = YES_ERROR;
				GCC_WARN_UNDECLARED_SELECTOR = YES;
				GCC_WARN_UNINITIALIZED_AUTOS = YES_AGGRESSIVE;
				GCC_WARN_UNUSED_FUNCTION = YES;
				GCC_WARN_UNUSED_VARIABLE = YES;
				IPHONEOS_DEPLOYMENT_TARGET = 10.2;
				MTL_ENABLE_DEBUG_INFO = YES;
				ONLY_ACTIVE_ARCH = YES;
				SDKROOT = iphoneos;
				TARGETED_DEVICE_FAMILY = "1,2";
			};
			name = Debug;
		};
		79677D501F7BEB7F006F6F19 /* Release */ = {
			isa = XCBuildConfiguration;
			buildSettings = {
				ALWAYS_SEARCH_USER_PATHS = NO;
				CLANG_ANALYZER_NONNULL = YES;
				CLANG_CXX_LANGUAGE_STANDARD = "gnu++0x";
				CLANG_CXX_LIBRARY = "libc++";
				CLANG_ENABLE_MODULES = YES;
				CLANG_ENABLE_OBJC_ARC = YES;
				CLANG_WARN_BOOL_CONVERSION = YES;
				CLANG_WARN_CONSTANT_CONVERSION = YES;
				CLANG_WARN_DIRECT_OBJC_ISA_USAGE = YES_ERROR;
				CLANG_WARN_DOCUMENTATION_COMMENTS = YES;
				CLANG_WARN_EMPTY_BODY = YES;
				CLANG_WARN_ENUM_CONVERSION = YES;
				CLANG_WARN_INFINITE_RECURSION = YES;
				CLANG_WARN_INT_CONVERSION = YES;
				CLANG_WARN_OBJC_ROOT_CLASS = YES_ERROR;
				CLANG_WARN_SUSPICIOUS_MOVE = YES;
				CLANG_WARN_UNREACHABLE_CODE = YES;
				CLANG_WARN__DUPLICATE_METHOD_MATCH = YES;
				"CODE_SIGN_IDENTITY[sdk=iphoneos*]" = "iPhone Developer";
				COPY_PHASE_STRIP = NO;
				DEBUG_INFORMATION_FORMAT = "dwarf-with-dsym";
				ENABLE_NS_ASSERTIONS = NO;
				ENABLE_STRICT_OBJC_MSGSEND = YES;
				GCC_C_LANGUAGE_STANDARD = gnu99;
				GCC_NO_COMMON_BLOCKS = YES;
				GCC_WARN_64_TO_32_BIT_CONVERSION = YES;
				GCC_WARN_ABOUT_RETURN_TYPE = YES_ERROR;
				GCC_WARN_UNDECLARED_SELECTOR = YES;
				GCC_WARN_UNINITIALIZED_AUTOS = YES_AGGRESSIVE;
				GCC_WARN_UNUSED_FUNCTION = YES;
				GCC_WARN_UNUSED_VARIABLE = YES;
				IPHONEOS_DEPLOYMENT_TARGET = 10.2;
				MTL_ENABLE_DEBUG_INFO = NO;
				SDKROOT = iphoneos;
				TARGETED_DEVICE_FAMILY = "1,2";
				VALIDATE_PRODUCT = YES;
			};
			name = Release;
		};
		79677D521F7BEB7F006F6F19 /* Debug */ = {
			isa = XCBuildConfiguration;
			buildSettings = {
				ASSETCATALOG_COMPILER_APPICON_NAME = AppIcon;
				HEADER_SEARCH_PATHS = (
					"\"$(SRCROOT)/../../../SDL/include\"",
					"\"$(SRCROOT)/../../src\"",
				);
				INFOPLIST_FILE = bomberman/Info.plist;
				LD_RUNPATH_SEARCH_PATHS = "$(inherited) @executable_path/Frameworks";
				PRODUCT_BUNDLE_IDENTIFIER = D.bomberman;
				PRODUCT_NAME = "$(TARGET_NAME)";
			};
			name = Debug;
		};
		79677D531F7BEB7F006F6F19 /* Release */ = {
			isa = XCBuildConfiguration;
			buildSettings = {
				ASSETCATALOG_COMPILER_APPICON_NAME = AppIcon;
				HEADER_SEARCH_PATHS = (
					"\"$(SRCROOT)/../../../SDL/include\"",
					"\"$(SRCROOT)/../../src\"",
				);
				INFOPLIST_FILE = bomberman/Info.plist;
				LD_RUNPATH_SEARCH_PATHS = "$(inherited) @executable_path/Frameworks";
				PRODUCT_BUNDLE_IDENTIFIER = D.bomberman;
				PRODUCT_NAME = "$(TARGET_NAME)";
			};
			name = Release;
		};
		79677D551F7BEB7F006F6F19 /* Debug */ = {
			isa = XCBuildConfiguration;
			buildSettings = {
				BUNDLE_LOADER = "$(TEST_HOST)";
				INFOPLIST_FILE = bombermanTests/Info.plist;
				LD_RUNPATH_SEARCH_PATHS = "$(inherited) @executable_path/Frameworks @loader_path/Frameworks";
				PRODUCT_BUNDLE_IDENTIFIER = D.bombermanTests;
				PRODUCT_NAME = "$(TARGET_NAME)";
				TEST_HOST = "$(BUILT_PRODUCTS_DIR)/bomberman.app/bomberman";
			};
			name = Debug;
		};
		79677D561F7BEB7F006F6F19 /* Release */ = {
			isa = XCBuildConfiguration;
			buildSettings = {
				BUNDLE_LOADER = "$(TEST_HOST)";
				INFOPLIST_FILE = bombermanTests/Info.plist;
				LD_RUNPATH_SEARCH_PATHS = "$(inherited) @executable_path/Frameworks @loader_path/Frameworks";
				PRODUCT_BUNDLE_IDENTIFIER = D.bombermanTests;
				PRODUCT_NAME = "$(TARGET_NAME)";
				TEST_HOST = "$(BUILT_PRODUCTS_DIR)/bomberman.app/bomberman";
			};
			name = Release;
		};
		79677D581F7BEB7F006F6F19 /* Debug */ = {
			isa = XCBuildConfiguration;
			buildSettings = {
				INFOPLIST_FILE = bombermanUITests/Info.plist;
				LD_RUNPATH_SEARCH_PATHS = "$(inherited) @executable_path/Frameworks @loader_path/Frameworks";
				PRODUCT_BUNDLE_IDENTIFIER = D.bombermanUITests;
				PRODUCT_NAME = "$(TARGET_NAME)";
				TEST_TARGET_NAME = bomberman;
			};
			name = Debug;
		};
		79677D591F7BEB7F006F6F19 /* Release */ = {
			isa = XCBuildConfiguration;
			buildSettings = {
				INFOPLIST_FILE = bombermanUITests/Info.plist;
				LD_RUNPATH_SEARCH_PATHS = "$(inherited) @executable_path/Frameworks @loader_path/Frameworks";
				PRODUCT_BUNDLE_IDENTIFIER = D.bombermanUITests;
				PRODUCT_NAME = "$(TARGET_NAME)";
				TEST_TARGET_NAME = bomberman;
			};
			name = Release;
		};
/* End XCBuildConfiguration section */

/* Begin XCConfigurationList section */
		79677D1F1F7BEB7E006F6F19 /* Build configuration list for PBXProject "bomberman" */ = {
			isa = XCConfigurationList;
			buildConfigurations = (
				79677D4F1F7BEB7F006F6F19 /* Debug */,
				79677D501F7BEB7F006F6F19 /* Release */,
			);
			defaultConfigurationIsVisible = 0;
			defaultConfigurationName = Release;
		};
		79677D511F7BEB7F006F6F19 /* Build configuration list for PBXNativeTarget "bomberman" */ = {
			isa = XCConfigurationList;
			buildConfigurations = (
				79677D521F7BEB7F006F6F19 /* Debug */,
				79677D531F7BEB7F006F6F19 /* Release */,
			);
			defaultConfigurationIsVisible = 0;
			defaultConfigurationName = Release;
		};
		79677D541F7BEB7F006F6F19 /* Build configuration list for PBXNativeTarget "bombermanTests" */ = {
			isa = XCConfigurationList;
			buildConfigurations = (
				79677D551F7BEB7F006F6F19 /* Debug */,
				79677D561F7BEB7F006F6F19 /* Release */,
			);
			defaultConfigurationIsVisible = 0;
			defaultConfigurationName = Release;
		};
		79677D571F7BEB7F006F6F19 /* Build configuration list for PBXNativeTarget "bombermanUITests" */ = {
			isa = XCConfigurationList;
			buildConfigurations = (
				79677D581F7BEB7F006F6F19 /* Debug */,
				79677D591F7BEB7F006F6F19 /* Release */,
			);
			defaultConfigurationIsVisible = 0;
			defaultConfigurationName = Release;
		};
/* End XCConfigurationList section */
	};
	rootObject = 79677D1C1F7BEB7E006F6F19 /* Project object */;
}
